
Microsoft Visual Studio Solution File, Format Version 12.00
# Visual Studio Version 17
VisualStudioVersion = 17.9.34728.123
MinimumVisualStudioVersion = 10.0.40219.1
Project("{FAE04EC0-301F-11D3-BF4B-00C04F79EFBC}") = "Ejercicio2Modulo2", "Ejercicio2Modulo2\Ejercicio2Modulo2.csproj", "{B929A91E-B690-4EF2-8C50-8A45BFD23656}"
EndProject
Global
	GlobalSection(SolutionConfigurationPlatforms) = preSolution
		Debug|Any CPU = Debug|Any CPU
		Release|Any CPU = Release|Any CPU
	EndGlobalSection
	GlobalSection(ProjectConfigurationPlatforms) = postSolution
		{B929A91E-B690-4EF2-8C50-8A45BFD23656}.Debug|Any CPU.ActiveCfg = Debug|Any CPU
		{B929A91E-B690-4EF2-8C50-8A45BFD23656}.Debug|Any CPU.Build.0 = Debug|Any CPU
		{B929A91E-B690-4EF2-8C50-8A45BFD23656}.Release|Any CPU.ActiveCfg = Release|Any CPU
		{B929A91E-B690-4EF2-8C50-8A45BFD23656}.Release|Any CPU.Build.0 = Release|Any CPU
	EndGlobalSection
	GlobalSection(SolutionProperties) = preSolution
		HideSolutionNode = FALSE
	EndGlobalSection
	GlobalSection(ExtensibilityGlobals) = postSolution
		SolutionGuid = {398E5F6D-D0C4-44AC-AA80-A68FB7F26AAB}
	EndGlobalSection
EndGlobal
